// !$*UTF8*$!
{
	archiveVersion = 1;
	classes = {
	};
	objectVersion = 48;
	objects = {

/* Begin PBXBuildFile section */
		336545DE2077DF1B00C358DA /* UIImage+Gif.swift in Sources */ = {isa = PBXBuildFile; fileRef = 336545DD2077DF1B00C358DA /* UIImage+Gif.swift */; };
		33A724A020530F8D00BCC602 /* RegistroController.swift in Sources */ = {isa = PBXBuildFile; fileRef = 33A7249F20530F8D00BCC602 /* RegistroController.swift */; };
		33DDE1E4205C39E6009B9EBB /* Gender+CoreDataClass.swift in Sources */ = {isa = PBXBuildFile; fileRef = 33DDE1E2205C39E6009B9EBB /* Gender+CoreDataClass.swift */; };
		33DDE1E5205C39E6009B9EBB /* Gender+CoreDataProperties.swift in Sources */ = {isa = PBXBuildFile; fileRef = 33DDE1E3205C39E6009B9EBB /* Gender+CoreDataProperties.swift */; };
		33DDE1E8205C3F39009B9EBB /* Main.storyboard in Resources */ = {isa = PBXBuildFile; fileRef = 33DDE1E6205C3F39009B9EBB /* Main.storyboard */; };
		33DDE1EA205C43D0009B9EBB /* ListController.swift in Sources */ = {isa = PBXBuildFile; fileRef = 33DDE1E9205C43D0009B9EBB /* ListController.swift */; };
		33DDE1EC205C450E009B9EBB /* CellGender.swift in Sources */ = {isa = PBXBuildFile; fileRef = 33DDE1EB205C450E009B9EBB /* CellGender.swift */; };
		33F260A42049C8B30072370C /* AppDelegate.swift in Sources */ = {isa = PBXBuildFile; fileRef = 33F260A32049C8B30072370C /* AppDelegate.swift */; };
		33F260A62049C8B30072370C /* ViewController.swift in Sources */ = {isa = PBXBuildFile; fileRef = 33F260A52049C8B30072370C /* ViewController.swift */; };
		33F260AC2049C8B30072370C /* PracticaApp.xcdatamodeld in Sources */ = {isa = PBXBuildFile; fileRef = 33F260AA2049C8B30072370C /* PracticaApp.xcdatamodeld */; };
		33F260AE2049C8B30072370C /* Assets.xcassets in Resources */ = {isa = PBXBuildFile; fileRef = 33F260AD2049C8B30072370C /* Assets.xcassets */; };
		33F260B12049C8B30072370C /* LaunchScreen.storyboard in Resources */ = {isa = PBXBuildFile; fileRef = 33F260AF2049C8B30072370C /* LaunchScreen.storyboard */; };
		33F260BC2049CF4F0072370C /* User+CoreDataClass.swift in Sources */ = {isa = PBXBuildFile; fileRef = 33F260B82049CF4F0072370C /* User+CoreDataClass.swift */; };
		33F260BD2049CF4F0072370C /* User+CoreDataProperties.swift in Sources */ = {isa = PBXBuildFile; fileRef = 33F260B92049CF4F0072370C /* User+CoreDataProperties.swift */; };
		33F260BE2049CF4F0072370C /* Show+CoreDataClass.swift in Sources */ = {isa = PBXBuildFile; fileRef = 33F260BA2049CF4F0072370C /* Show+CoreDataClass.swift */; };
		33F260BF2049CF4F0072370C /* Show+CoreDataProperties.swift in Sources */ = {isa = PBXBuildFile; fileRef = 33F260BB2049CF4F0072370C /* Show+CoreDataProperties.swift */; };
		33F260C12049D1140072370C /* CoreDataGeneric.swift in Sources */ = {isa = PBXBuildFile; fileRef = 33F260C02049D1140072370C /* CoreDataGeneric.swift */; };
/* End PBXBuildFile section */

/* Begin PBXFileReference section */
		336545DD2077DF1B00C358DA /* UIImage+Gif.swift */ = {isa = PBXFileReference; fileEncoding = 4; lastKnownFileType = sourcecode.swift; name = "UIImage+Gif.swift"; path = "../UIImage+Gif.swift"; sourceTree = "<group>"; };
		33A7249F20530F8D00BCC602 /* RegistroController.swift */ = {isa = PBXFileReference; lastKnownFileType = sourcecode.swift; path = RegistroController.swift; sourceTree = "<group>"; };
		33DDE1E2205C39E6009B9EBB /* Gender+CoreDataClass.swift */ = {isa = PBXFileReference; lastKnownFileType = sourcecode.swift; path = "Gender+CoreDataClass.swift"; sourceTree = "<group>"; };
		33DDE1E3205C39E6009B9EBB /* Gender+CoreDataProperties.swift */ = {isa = PBXFileReference; lastKnownFileType = sourcecode.swift; path = "Gender+CoreDataProperties.swift"; sourceTree = "<group>"; };
		33DDE1E7205C3F39009B9EBB /* Base */ = {isa = PBXFileReference; lastKnownFileType = file.storyboard; name = Base; path = Base.lproj/Main.storyboard; sourceTree = "<group>"; };
		33DDE1E9205C43D0009B9EBB /* ListController.swift */ = {isa = PBXFileReference; lastKnownFileType = sourcecode.swift; path = ListController.swift; sourceTree = "<group>"; };
		33DDE1EB205C450E009B9EBB /* CellGender.swift */ = {isa = PBXFileReference; lastKnownFileType = sourcecode.swift; path = CellGender.swift; sourceTree = "<group>"; };
		33F260A02049C8B30072370C /* PracticaApp.app */ = {isa = PBXFileReference; explicitFileType = wrapper.application; includeInIndex = 0; path = PracticaApp.app; sourceTree = BUILT_PRODUCTS_DIR; };
		33F260A32049C8B30072370C /* AppDelegate.swift */ = {isa = PBXFileReference; lastKnownFileType = sourcecode.swift; path = AppDelegate.swift; sourceTree = "<group>"; };
		33F260A52049C8B30072370C /* ViewController.swift */ = {isa = PBXFileReference; lastKnownFileType = sourcecode.swift; path = ViewController.swift; sourceTree = "<group>"; };
		33F260AB2049C8B30072370C /* PracticaApp.xcdatamodel */ = {isa = PBXFileReference; lastKnownFileType = wrapper.xcdatamodel; path = PracticaApp.xcdatamodel; sourceTree = "<group>"; };
		33F260AD2049C8B30072370C /* Assets.xcassets */ = {isa = PBXFileReference; lastKnownFileType = folder.assetcatalog; path = Assets.xcassets; sourceTree = "<group>"; };
		33F260B02049C8B30072370C /* Base */ = {isa = PBXFileReference; lastKnownFileType = file.storyboard; name = Base; path = Base.lproj/LaunchScreen.storyboard; sourceTree = "<group>"; };
		33F260B22049C8B30072370C /* Info.plist */ = {isa = PBXFileReference; lastKnownFileType = text.plist.xml; path = Info.plist; sourceTree = "<group>"; };
		33F260B82049CF4F0072370C /* User+CoreDataClass.swift */ = {isa = PBXFileReference; lastKnownFileType = sourcecode.swift; path = "User+CoreDataClass.swift"; sourceTree = "<group>"; };
		33F260B92049CF4F0072370C /* User+CoreDataProperties.swift */ = {isa = PBXFileReference; lastKnownFileType = sourcecode.swift; path = "User+CoreDataProperties.swift"; sourceTree = "<group>"; };
		33F260BA2049CF4F0072370C /* Show+CoreDataClass.swift */ = {isa = PBXFileReference; lastKnownFileType = sourcecode.swift; path = "Show+CoreDataClass.swift"; sourceTree = "<group>"; };
		33F260BB2049CF4F0072370C /* Show+CoreDataProperties.swift */ = {isa = PBXFileReference; lastKnownFileType = sourcecode.swift; path = "Show+CoreDataProperties.swift"; sourceTree = "<group>"; };
		33F260C02049D1140072370C /* CoreDataGeneric.swift */ = {isa = PBXFileReference; lastKnownFileType = sourcecode.swift; path = CoreDataGeneric.swift; sourceTree = "<group>"; };
/* End PBXFileReference section */

/* Begin PBXFrameworksBuildPhase section */
		33F2609D2049C8B30072370C /* Frameworks */ = {
			isa = PBXFrameworksBuildPhase;
			buildActionMask = 2147483647;
			files = (
			);
			runOnlyForDeploymentPostprocessing = 0;
		};
/* End PBXFrameworksBuildPhase section */

/* Begin PBXGroup section */
		33F260972049C8B30072370C = {
			isa = PBXGroup;
			children = (
				336545DD2077DF1B00C358DA /* UIImage+Gif.swift */,
				33DDE1E2205C39E6009B9EBB /* Gender+CoreDataClass.swift */,
				33DDE1E3205C39E6009B9EBB /* Gender+CoreDataProperties.swift */,
				33F260B82049CF4F0072370C /* User+CoreDataClass.swift */,
				33F260B92049CF4F0072370C /* User+CoreDataProperties.swift */,
				33F260BA2049CF4F0072370C /* Show+CoreDataClass.swift */,
				33F260BB2049CF4F0072370C /* Show+CoreDataProperties.swift */,
				33F260A22049C8B30072370C /* PracticaApp */,
				33F260A12049C8B30072370C /* Products */,
			);
			sourceTree = "<group>";
		};
		33F260A12049C8B30072370C /* Products */ = {
			isa = PBXGroup;
			children = (
				33F260A02049C8B30072370C /* PracticaApp.app */,
			);
			name = Products;
			sourceTree = "<group>";
		};
		33F260A22049C8B30072370C /* PracticaApp */ = {
			isa = PBXGroup;
			children = (
				33DDE1E6205C3F39009B9EBB /* Main.storyboard */,
				33DDE1EB205C450E009B9EBB /* CellGender.swift */,
				33F260A32049C8B30072370C /* AppDelegate.swift */,
				33F260A52049C8B30072370C /* ViewController.swift */,
				33A7249F20530F8D00BCC602 /* RegistroController.swift */,
				33F260AD2049C8B30072370C /* Assets.xcassets */,
				33F260AF2049C8B30072370C /* LaunchScreen.storyboard */,
				33F260B22049C8B30072370C /* Info.plist */,
				33F260AA2049C8B30072370C /* PracticaApp.xcdatamodeld */,
				33F260C02049D1140072370C /* CoreDataGeneric.swift */,
				33DDE1E9205C43D0009B9EBB /* ListController.swift */,
			);
			path = PracticaApp;
			sourceTree = "<group>";
		};
/* End PBXGroup section */

/* Begin PBXNativeTarget section */
		33F2609F2049C8B30072370C /* PracticaApp */ = {
			isa = PBXNativeTarget;
			buildConfigurationList = 33F260B52049C8B30072370C /* Build configuration list for PBXNativeTarget "PracticaApp" */;
			buildPhases = (
				33F2609C2049C8B30072370C /* Sources */,
				33F2609D2049C8B30072370C /* Frameworks */,
				33F2609E2049C8B30072370C /* Resources */,
			);
			buildRules = (
			);
			dependencies = (
			);
			name = PracticaApp;
			productName = PracticaApp;
			productReference = 33F260A02049C8B30072370C /* PracticaApp.app */;
			productType = "com.apple.product-type.application";
		};
/* End PBXNativeTarget section */

/* Begin PBXProject section */
		33F260982049C8B30072370C /* Project object */ = {
			isa = PBXProject;
			attributes = {
				LastSwiftUpdateCheck = 0920;
				LastUpgradeCheck = 0920;
				ORGANIZATIONNAME = DAM;
				TargetAttributes = {
					33F2609F2049C8B30072370C = {
						CreatedOnToolsVersion = 9.2;
						ProvisioningStyle = Automatic;
					};
				};
			};
			buildConfigurationList = 33F2609B2049C8B30072370C /* Build configuration list for PBXProject "PracticaApp" */;
			compatibilityVersion = "Xcode 8.0";
			developmentRegion = en;
			hasScannedForEncodings = 0;
			knownRegions = (
				en,
				Base,
			);
			mainGroup = 33F260972049C8B30072370C;
			productRefGroup = 33F260A12049C8B30072370C /* Products */;
			projectDirPath = "";
			projectRoot = "";
			targets = (
				33F2609F2049C8B30072370C /* PracticaApp */,
			);
		};
/* End PBXProject section */

/* Begin PBXResourcesBuildPhase section */
		33F2609E2049C8B30072370C /* Resources */ = {
			isa = PBXResourcesBuildPhase;
			buildActionMask = 2147483647;
			files = (
				33DDE1E8205C3F39009B9EBB /* Main.storyboard in Resources */,
				33F260B12049C8B30072370C /* LaunchScreen.storyboard in Resources */,
				33F260AE2049C8B30072370C /* Assets.xcassets in Resources */,
			);
			runOnlyForDeploymentPostprocessing = 0;
		};
/* End PBXResourcesBuildPhase section */

/* Begin PBXSourcesBuildPhase section */
		33F2609C2049C8B30072370C /* Sources */ = {
			isa = PBXSourcesBuildPhase;
			buildActionMask = 2147483647;
			files = (
				33F260C12049D1140072370C /* CoreDataGeneric.swift in Sources */,
				33F260BE2049CF4F0072370C /* Show+CoreDataClass.swift in Sources */,
				336545DE2077DF1B00C358DA /* UIImage+Gif.swift in Sources */,
				33DDE1E4205C39E6009B9EBB /* Gender+CoreDataClass.swift in Sources */,
				33F260A62049C8B30072370C /* ViewController.swift in Sources */,
				33F260AC2049C8B30072370C /* PracticaApp.xcdatamodeld in Sources */,
				33F260BC2049CF4F0072370C /* User+CoreDataClass.swift in Sources */,
				33F260BF2049CF4F0072370C /* Show+CoreDataProperties.swift in Sources */,
				33DDE1E5205C39E6009B9EBB /* Gender+CoreDataProperties.swift in Sources */,
				33F260BD2049CF4F0072370C /* User+CoreDataProperties.swift in Sources */,
				33A724A020530F8D00BCC602 /* RegistroController.swift in Sources */,
				33DDE1EC205C450E009B9EBB /* CellGender.swift in Sources */,
				33F260A42049C8B30072370C /* AppDelegate.swift in Sources */,
				33DDE1EA205C43D0009B9EBB /* ListController.swift in Sources */,
			);
			runOnlyForDeploymentPostprocessing = 0;
		};
/* End PBXSourcesBuildPhase section */

/* Begin PBXVariantGroup section */
		33DDE1E6205C3F39009B9EBB /* Main.storyboard */ = {
			isa = PBXVariantGroup;
			children = (
				33DDE1E7205C3F39009B9EBB /* Base */,
			);
			name = Main.storyboard;
			sourceTree = "<group>";
		};
		33F260AF2049C8B30072370C /* LaunchScreen.storyboard */ = {
			isa = PBXVariantGroup;
			children = (
				33F260B02049C8B30072370C /* Base */,
			);
			name = LaunchScreen.storyboard;
			sourceTree = "<group>";
		};
/* End PBXVariantGroup section */

/* Begin XCBuildConfiguration section */
		33F260B32049C8B30072370C /* Debug */ = {
			isa = XCBuildConfiguration;
			buildSettings = {
				ALWAYS_SEARCH_USER_PATHS = NO;
				CLANG_ANALYZER_NONNULL = YES;
				CLANG_ANALYZER_NUMBER_OBJECT_CONVERSION = YES_AGGRESSIVE;
				CLANG_CXX_LANGUAGE_STANDARD = "gnu++14";
				CLANG_CXX_LIBRARY = "libc++";
				CLANG_ENABLE_MODULES = YES;
				CLANG_ENABLE_OBJC_ARC = YES;
				CLANG_WARN_BLOCK_CAPTURE_AUTORELEASING = YES;
				CLANG_WARN_BOOL_CONVERSION = YES;
				CLANG_WARN_COMMA = YES;
				CLANG_WARN_CONSTANT_CONVERSION = YES;
				CLANG_WARN_DIRECT_OBJC_ISA_USAGE = YES_ERROR;
				CLANG_WARN_DOCUMENTATION_COMMENTS = YES;
				CLANG_WARN_EMPTY_BODY = YES;
				CLANG_WARN_ENUM_CONVERSION = YES;
				CLANG_WARN_INFINITE_RECURSION = YES;
				CLANG_WARN_INT_CONVERSION = YES;
				CLANG_WARN_NON_LITERAL_NULL_CONVERSION = YES;
				CLANG_WARN_OBJC_LITERAL_CONVERSION = YES;
				CLANG_WARN_OBJC_ROOT_CLASS = YES_ERROR;
				CLANG_WARN_RANGE_LOOP_ANALYSIS = YES;
				CLANG_WARN_STRICT_PROTOTYPES = YES;
				CLANG_WARN_SUSPICIOUS_MOVE = YES;
				CLANG_WARN_UNGUARDED_AVAILABILITY = YES_AGGRESSIVE;
				CLANG_WARN_UNREACHABLE_CODE = YES;
				CLANG_WARN__DUPLICATE_METHOD_MATCH = YES;
				CODE_SIGN_IDENTITY = "iPhone Developer";
				COPY_PHASE_STRIP = NO;
				DEBUG_INFORMATION_FORMAT = dwarf;
				ENABLE_STRICT_OBJC_MSGSEND = YES;
				ENABLE_TESTABILITY = YES;
				GCC_C_LANGUAGE_STANDARD = gnu11;
				GCC_DYNAMIC_NO_PIC = NO;
				GCC_NO_COMMON_BLOCKS = YES;
				GCC_OPTIMIZATION_LEVEL = 0;
				GCC_PREPROCESSOR_DEFINITIONS = (
					"DEBUG=1",
					"$(inherited)",
				);
				GCC_WARN_64_TO_32_BIT_CONVERSION = YES;
				GCC_WARN_ABOUT_RETURN_TYPE = YES_ERROR;
				GCC_WARN_UNDECLARED_SELECTOR = YES;
				GCC_WARN_UNINITIALIZED_AUTOS = YES_AGGRESSIVE;
				GCC_WARN_UNUSED_FUNCTION = YES;
				GCC_WARN_UNUSED_VARIABLE = YES;
				IPHONEOS_DEPLOYMENT_TARGET = 11.2;
				MTL_ENABLE_DEBUG_INFO = YES;
				ONLY_ACTIVE_ARCH = YES;
				SDKROOT = iphoneos;
				SWIFT_ACTIVE_COMPILATION_CONDITIONS = DEBUG;
				SWIFT_OPTIMIZATION_LEVEL = "-Onone";
			};
			name = Debug;
		};
		33F260B42049C8B30072370C /* Release */ = {
			isa = XCBuildConfiguration;
			buildSettings = {
				ALWAYS_SEARCH_USER_PATHS = NO;
				CLANG_ANALYZER_NONNULL = YES;
				CLANG_ANALYZER_NUMBER_OBJECT_CONVERSION = YES_AGGRESSIVE;
				CLANG_CXX_LANGUAGE_STANDARD = "gnu++14";
				CLANG_CXX_LIBRARY = "libc++";
				CLANG_ENABLE_MODULES = YES;
				CLANG_ENABLE_OBJC_ARC = YES;
				CLANG_WARN_BLOCK_CAPTURE_AUTORELEASING = YES;
				CLANG_WARN_BOOL_CONVERSION = YES;
				CLANG_WARN_COMMA = YES;
				CLANG_WARN_CONSTANT_CONVERSION = YES;
				CLANG_WARN_DIRECT_OBJC_ISA_USAGE = YES_ERROR;
				CLANG_WARN_DOCUMENTATION_COMMENTS = YES;
				CLANG_WARN_EMPTY_BODY = YES;
				CLANG_WARN_ENUM_CONVERSION = YES;
				CLANG_WARN_INFINITE_RECURSION = YES;
				CLANG_WARN_INT_CONVERSION = YES;
				CLANG_WARN_NON_LITERAL_NULL_CONVERSION = YES;
				CLANG_WARN_OBJC_LITERAL_CONVERSION = YES;
				CLANG_WARN_OBJC_ROOT_CLASS = YES_ERROR;
				CLANG_WARN_RANGE_LOOP_ANALYSIS = YES;
				CLANG_WARN_STRICT_PROTOTYPES = YES;
				CLANG_WARN_SUSPICIOUS_MOVE = YES;
				CLANG_WARN_UNGUARDED_AVAILABILITY = YES_AGGRESSIVE;
				CLANG_WARN_UNREACHABLE_CODE = YES;
				CLANG_WARN__DUPLICATE_METHOD_MATCH = YES;
				CODE_SIGN_IDENTITY = "iPhone Developer";
				COPY_PHASE_STRIP = NO;
				DEBUG_INFORMATION_FORMAT = "dwarf-with-dsym";
				ENABLE_NS_ASSERTIONS = NO;
				ENABLE_STRICT_OBJC_MSGSEND = YES;
				GCC_C_LANGUAGE_STANDARD = gnu11;
				GCC_NO_COMMON_BLOCKS = YES;
				GCC_WARN_64_TO_32_BIT_CONVERSION = YES;
				GCC_WARN_ABOUT_RETURN_TYPE = YES_ERROR;
				GCC_WARN_UNDECLARED_SELECTOR = YES;
				GCC_WARN_UNINITIALIZED_AUTOS = YES_AGGRESSIVE;
				GCC_WARN_UNUSED_FUNCTION = YES;
				GCC_WARN_UNUSED_VARIABLE = YES;
				IPHONEOS_DEPLOYMENT_TARGET = 11.2;
				MTL_ENABLE_DEBUG_INFO = NO;
				SDKROOT = iphoneos;
				SWIFT_OPTIMIZATION_LEVEL = "-Owholemodule";
				VALIDATE_PRODUCT = YES;
			};
			name = Release;
		};
		33F260B62049C8B30072370C /* Debug */ = {
			isa = XCBuildConfiguration;
			buildSettings = {
				ASSETCATALOG_COMPILER_APPICON_NAME = AppIcon;
				CODE_SIGN_STYLE = Automatic;
				INFOPLIST_FILE = PracticaApp/Info.plist;
				LD_RUNPATH_SEARCH_PATHS = "$(inherited) @executable_path/Frameworks";
				PRODUCT_BUNDLE_IDENTIFIER = com.alan.PracticaApp;
				PRODUCT_NAME = "$(TARGET_NAME)";
				SWIFT_VERSION = 4.0;
				TARGETED_DEVICE_FAMILY = "1,2";
			};
			name = Debug;
		};
		33F260B72049C8B30072370C /* Release */ = {
			isa = XCBuildConfiguration;
			buildSettings = {
				ASSETCATALOG_COMPILER_APPICON_NAME = AppIcon;
				CODE_SIGN_STYLE = Automatic;
				INFOPLIST_FILE = PracticaApp/Info.plist;
				LD_RUNPATH_SEARCH_PATHS = "$(inherited) @executable_path/Frameworks";
				PRODUCT_BUNDLE_IDENTIFIER = com.alan.PracticaApp;
				PRODUCT_NAME = "$(TARGET_NAME)";
				SWIFT_VERSION = 4.0;
				TARGETED_DEVICE_FAMILY = "1,2";
			};
			name = Release;
		};
/* End XCBuildConfiguration section */

/* Begin XCConfigurationList section */
		33F2609B2049C8B30072370C /* Build configuration list for PBXProject "PracticaApp" */ = {
			isa = XCConfigurationList;
			buildConfigurations = (
				33F260B32049C8B30072370C /* Debug */,
				33F260B42049C8B30072370C /* Release */,
			);
			defaultConfigurationIsVisible = 0;
			defaultConfigurationName = Release;
		};
		33F260B52049C8B30072370C /* Build configuration list for PBXNativeTarget "PracticaApp" */ = {
			isa = XCConfigurationList;
			buildConfigurations = (
				33F260B62049C8B30072370C /* Debug */,
				33F260B72049C8B30072370C /* Release */,
			);
			defaultConfigurationIsVisible = 0;
			defaultConfigurationName = Release;
		};
/* End XCConfigurationList section */

/* Begin XCVersionGroup section */
		33F260AA2049C8B30072370C /* PracticaApp.xcdatamodeld */ = {
			isa = XCVersionGroup;
			children = (
				33F260AB2049C8B30072370C /* PracticaApp.xcdatamodel */,
			);
			currentVersion = 33F260AB2049C8B30072370C /* PracticaApp.xcdatamodel */;
			path = PracticaApp.xcdatamodeld;
			sourceTree = "<group>";
			versionGroupType = wrapper.xcdatamodel;
		};
/* End XCVersionGroup section */
	};
	rootObject = 33F260982049C8B30072370C /* Project object */;
}
